
Microsoft Visual Studio Solution File, Format Version 12.00
Project("{FAE04EC0-301F-11D3-BF4B-00C04F79EFBC}") = "Core", "Core\Core.csproj", "{1C0550C8-ADA6-4492-8D71-F596CE236077}"
EndProject
Project("{FAE04EC0-301F-11D3-BF4B-00C04F79EFBC}") = "Infrastructure", "Infrastructure\Infrastructure.csproj", "{742FD963-ECF7-4CDF-A071-9F5495B9D83A}"
EndProject
Project("{FAE04EC0-301F-11D3-BF4B-00C04F79EFBC}") = "Server", "Server\Server.csproj", "{C242F810-7373-4356-BDA1-EDBEA1BAD541}"
EndProject
Project("{FAE04EC0-301F-11D3-BF4B-00C04F79EFBC}") = "Migrations", "Migrations\Migrations.csproj", "{0CDF1C2F-8B39-4D00-BA2E-CECBBCC22B0A}"
EndProject
Project("{FAE04EC0-301F-11D3-BF4B-00C04F79EFBC}") = "JobsBackground", "JobsBackground\JobsBackground.csproj", "{EF8DE3F9-A28D-4D2D-AEC6-EF1588415F7D}"
EndProject
Project("{FAE04EC0-301F-11D3-BF4B-00C04F79EFBC}") = "Client", "Client\Client.csproj", "{47A3FB5C-8D22-4105-A5DD-3001A2733556}"
EndProject
Global
	GlobalSection(SolutionConfigurationPlatforms) = preSolution
		Debug|Any CPU = Debug|Any CPU
		Release|Any CPU = Release|Any CPU
	EndGlobalSection
	GlobalSection(ProjectConfigurationPlatforms) = postSolution
		{1C0550C8-ADA6-4492-8D71-F596CE236077}.Debug|Any CPU.ActiveCfg = Debug|Any CPU
		{1C0550C8-ADA6-4492-8D71-F596CE236077}.Debug|Any CPU.Build.0 = Debug|Any CPU
		{1C0550C8-ADA6-4492-8D71-F596CE236077}.Release|Any CPU.ActiveCfg = Release|Any CPU
		{1C0550C8-ADA6-4492-8D71-F596CE236077}.Release|Any CPU.Build.0 = Release|Any CPU
		{742FD963-ECF7-4CDF-A071-9F5495B9D83A}.Debug|Any CPU.ActiveCfg = Debug|Any CPU
		{742FD963-ECF7-4CDF-A071-9F5495B9D83A}.Debug|Any CPU.Build.0 = Debug|Any CPU
		{742FD963-ECF7-4CDF-A071-9F5495B9D83A}.Release|Any CPU.ActiveCfg = Release|Any CPU
		{742FD963-ECF7-4CDF-A071-9F5495B9D83A}.Release|Any CPU.Build.0 = Release|Any CPU
		{C242F810-7373-4356-BDA1-EDBEA1BAD541}.Debug|Any CPU.ActiveCfg = Debug|Any CPU
		{C242F810-7373-4356-BDA1-EDBEA1BAD541}.Debug|Any CPU.Build.0 = Debug|Any CPU
		{C242F810-7373-4356-BDA1-EDBEA1BAD541}.Release|Any CPU.ActiveCfg = Release|Any CPU
		{C242F810-7373-4356-BDA1-EDBEA1BAD541}.Release|Any CPU.Build.0 = Release|Any CPU
		{0CDF1C2F-8B39-4D00-BA2E-CECBBCC22B0A}.Debug|Any CPU.ActiveCfg = Debug|Any CPU
		{0CDF1C2F-8B39-4D00-BA2E-CECBBCC22B0A}.Debug|Any CPU.Build.0 = Debug|Any CPU
		{0CDF1C2F-8B39-4D00-BA2E-CECBBCC22B0A}.Release|Any CPU.ActiveCfg = Release|Any CPU
		{0CDF1C2F-8B39-4D00-BA2E-CECBBCC22B0A}.Release|Any CPU.Build.0 = Release|Any CPU
		{EF8DE3F9-A28D-4D2D-AEC6-EF1588415F7D}.Debug|Any CPU.ActiveCfg = Debug|Any CPU
		{EF8DE3F9-A28D-4D2D-AEC6-EF1588415F7D}.Debug|Any CPU.Build.0 = Debug|Any CPU
		{EF8DE3F9-A28D-4D2D-AEC6-EF1588415F7D}.Release|Any CPU.ActiveCfg = Release|Any CPU
		{EF8DE3F9-A28D-4D2D-AEC6-EF1588415F7D}.Release|Any CPU.Build.0 = Release|Any CPU
		{47A3FB5C-8D22-4105-A5DD-3001A2733556}.Debug|Any CPU.ActiveCfg = Debug|Any CPU
		{47A3FB5C-8D22-4105-A5DD-3001A2733556}.Debug|Any CPU.Build.0 = Debug|Any CPU
		{47A3FB5C-8D22-4105-A5DD-3001A2733556}.Release|Any CPU.ActiveCfg = Release|Any CPU
		{47A3FB5C-8D22-4105-A5DD-3001A2733556}.Release|Any CPU.Build.0 = Release|Any CPU
	EndGlobalSection
EndGlobal
